
Microsoft Visual Studio Solution File, Format Version 12.00
# Visual Studio 15
VisualStudioVersion = 15.0.27428.2037
MinimumVisualStudioVersion = 10.0.40219.1
Project("{FAE04EC0-301F-11D3-BF4B-00C04F79EFBC}") = "EnumerationSample", "EnumerationSample\EnumerationSample.csproj", "{BFFA0520-BC36-41A0-BDD7-A46FA12085D4}"
EndProject
Global
	GlobalSection(SolutionConfigurationPlatforms) = preSolution
		Debug|Any CPU = Debug|Any CPU
		Release|Any CPU = Release|Any CPU
	EndGlobalSection
	GlobalSection(ProjectConfigurationPlatforms) = postSolution
		{BFFA0520-BC36-41A0-BDD7-A46FA12085D4}.Debug|Any CPU.ActiveCfg = Debug|Any CPU
		{BFFA0520-BC36-41A0-BDD7-A46FA12085D4}.Debug|Any CPU.Build.0 = Debug|Any CPU
		{BFFA0520-BC36-41A0-BDD7-A46FA12085D4}.Release|Any CPU.ActiveCfg = Release|Any CPU
		{BFFA0520-BC36-41A0-BDD7-A46FA12085D4}.Release|Any CPU.Build.0 = Release|Any CPU
	EndGlobalSection
	GlobalSection(SolutionProperties) = preSolution
		HideSolutionNode = FALSE
	EndGlobalSection
	GlobalSection(ExtensibilityGlobals) = postSolution
		SolutionGuid = {DBF54E56-1D16-4760-B5B1-BDA2EDD18665}
	EndGlobalSection
EndGlobal
